
Microsoft Visual Studio Solution File, Format Version 12.00
# Visual Studio Version 17
VisualStudioVersion = 17.7.34221.43
MinimumVisualStudioVersion = 10.0.40219.1
Project("{FAE04EC0-301F-11D3-BF4B-00C04F79EFBC}") = "resolucion", "resolucion\resolucion.csproj", "{DEA11A0D-98EC-4821-B010-D59E328ADEFA}"
EndProject
Global
	GlobalSection(SolutionConfigurationPlatforms) = preSolution
		Debug|Any CPU = Debug|Any CPU
		Release|Any CPU = Release|Any CPU
	EndGlobalSection
	GlobalSection(ProjectConfigurationPlatforms) = postSolution
		{DEA11A0D-98EC-4821-B010-D59E328ADEFA}.Debug|Any CPU.ActiveCfg = Debug|Any CPU
		{DEA11A0D-98EC-4821-B010-D59E328ADEFA}.Debug|Any CPU.Build.0 = Debug|Any CPU
		{DEA11A0D-98EC-4821-B010-D59E328ADEFA}.Release|Any CPU.ActiveCfg = Release|Any CPU
		{DEA11A0D-98EC-4821-B010-D59E328ADEFA}.Release|Any CPU.Build.0 = Release|Any CPU
	EndGlobalSection
	GlobalSection(SolutionProperties) = preSolution
		HideSolutionNode = FALSE
	EndGlobalSection
	GlobalSection(ExtensibilityGlobals) = postSolution
		SolutionGuid = {0C2CA86E-6772-4989-B408-3441A56F119F}
	EndGlobalSection
EndGlobal
